
Microsoft Visual Studio Solution File, Format Version 12.00
# Visual Studio Version 17
VisualStudioVersion = 17.6.33723.286
MinimumVisualStudioVersion = 10.0.40219.1
Project("{FAE04EC0-301F-11D3-BF4B-00C04F79EFBC}") = "task_4", "task_4.csproj", "{FFFD202B-D172-4F30-9AC3-023B95AD61B6}"
EndProject
Global
	GlobalSection(SolutionConfigurationPlatforms) = preSolution
		Debug|Any CPU = Debug|Any CPU
		Release|Any CPU = Release|Any CPU
	EndGlobalSection
	GlobalSection(ProjectConfigurationPlatforms) = postSolution
		{FFFD202B-D172-4F30-9AC3-023B95AD61B6}.Debug|Any CPU.ActiveCfg = Debug|Any CPU
		{FFFD202B-D172-4F30-9AC3-023B95AD61B6}.Debug|Any CPU.Build.0 = Debug|Any CPU
		{FFFD202B-D172-4F30-9AC3-023B95AD61B6}.Release|Any CPU.ActiveCfg = Release|Any CPU
		{FFFD202B-D172-4F30-9AC3-023B95AD61B6}.Release|Any CPU.Build.0 = Release|Any CPU
	EndGlobalSection
	GlobalSection(SolutionProperties) = preSolution
		HideSolutionNode = FALSE
	EndGlobalSection
	GlobalSection(ExtensibilityGlobals) = postSolution
		SolutionGuid = {63E8C973-7024-42E0-AE50-3A7664C2960F}
	EndGlobalSection
EndGlobal
